// !$*UTF8*$!
{
	archiveVersion = 1;
	classes = {
	};
	objectVersion = 46;
	objects = {

/* Begin PBXBuildFile section */
		E52CFBCA1B72E2A400E47E10 /* main.m in Sources */ = {isa = PBXBuildFile; fileRef = E52CFBC91B72E2A400E47E10 /* main.m */; };
		E52CFBCD1B72E2A400E47E10 /* AppDelegate.m in Sources */ = {isa = PBXBuildFile; fileRef = E52CFBCC1B72E2A400E47E10 /* AppDelegate.m */; };
		E52CFBD01B72E2A400E47E10 /* ViewController.m in Sources */ = {isa = PBXBuildFile; fileRef = E52CFBCF1B72E2A400E47E10 /* ViewController.m */; };
		E52CFBD31B72E2A400E47E10 /* Main.storyboard in Resources */ = {isa = PBXBuildFile; fileRef = E52CFBD11B72E2A400E47E10 /* Main.storyboard */; };
		E52CFBD51B72E2A400E47E10 /* Images.xcassets in Resources */ = {isa = PBXBuildFile; fileRef = E52CFBD41B72E2A400E47E10 /* Images.xcassets */; };
		E52CFBD81B72E2A400E47E10 /* LaunchScreen.xib in Resources */ = {isa = PBXBuildFile; fileRef = E52CFBD61B72E2A400E47E10 /* LaunchScreen.xib */; };
		E52CFBE41B72E2A400E47E10 /* CalcTests.m in Sources */ = {isa = PBXBuildFile; fileRef = E52CFBE31B72E2A400E47E10 /* CalcTests.m */; };
/* End PBXBuildFile section */

/* Begin PBXContainerItemProxy section */
		E52CFBDE1B72E2A400E47E10 /* PBXContainerItemProxy */ = {
			isa = PBXContainerItemProxy;
			containerPortal = E52CFBBC1B72E2A400E47E10 /* Project object */;
			proxyType = 1;
			remoteGlobalIDString = E52CFBC31B72E2A400E47E10;
			remoteInfo = Calc;
		};
/* End PBXContainerItemProxy section */

/* Begin PBXFileReference section */
		E52CFBC41B72E2A400E47E10 /* Calc.app */ = {isa = PBXFileReference; explicitFileType = wrapper.application; includeInIndex = 0; path = Calc.app; sourceTree = BUILT_PRODUCTS_DIR; };
		E52CFBC81B72E2A400E47E10 /* Info.plist */ = {isa = PBXFileReference; lastKnownFileType = text.plist.xml; path = Info.plist; sourceTree = "<group>"; };
		E52CFBC91B72E2A400E47E10 /* main.m */ = {isa = PBXFileReference; lastKnownFileType = sourcecode.c.objc; path = main.m; sourceTree = "<group>"; };
		E52CFBCB1B72E2A400E47E10 /* AppDelegate.h */ = {isa = PBXFileReference; lastKnownFileType = sourcecode.c.h; path = AppDelegate.h; sourceTree = "<group>"; };
		E52CFBCC1B72E2A400E47E10 /* AppDelegate.m */ = {isa = PBXFileReference; lastKnownFileType = sourcecode.c.objc; path = AppDelegate.m; sourceTree = "<group>"; };
		E52CFBCE1B72E2A400E47E10 /* ViewController.h */ = {isa = PBXFileReference; lastKnownFileType = sourcecode.c.h; path = ViewController.h; sourceTree = "<group>"; };
		E52CFBCF1B72E2A400E47E10 /* ViewController.m */ = {isa = PBXFileReference; lastKnownFileType = sourcecode.c.objc; path = ViewController.m; sourceTree = "<group>"; };
		E52CFBD21B72E2A400E47E10 /* Base */ = {isa = PBXFileReference; lastKnownFileType = file.storyboard; name = Base; path = Base.lproj/Main.storyboard; sourceTree = "<group>"; };
		E52CFBD41B72E2A400E47E10 /* Images.xcassets */ = {isa = PBXFileReference; lastKnownFileType = folder.assetcatalog; path = Images.xcassets; sourceTree = "<group>"; };
		E52CFBD71B72E2A400E47E10 /* Base */ = {isa = PBXFileReference; lastKnownFileType = file.xib; name = Base; path = Base.lproj/LaunchScreen.xib; sourceTree = "<group>"; };
		E52CFBDD1B72E2A400E47E10 /* CalcTests.xctest */ = {isa = PBXFileReference; explicitFileType = wrapper.cfbundle; includeInIndex = 0; path = CalcTests.xctest; sourceTree = BUILT_PRODUCTS_DIR; };
		E52CFBE21B72E2A400E47E10 /* Info.plist */ = {isa = PBXFileReference; lastKnownFileType = text.plist.xml; path = Info.plist; sourceTree = "<group>"; };
		E52CFBE31B72E2A400E47E10 /* CalcTests.m */ = {isa = PBXFileReference; lastKnownFileType = sourcecode.c.objc; path = CalcTests.m; sourceTree = "<group>"; };
/* End PBXFileReference section */

/* Begin PBXFrameworksBuildPhase section */
		E52CFBC11B72E2A400E47E10 /* Frameworks */ = {
			isa = PBXFrameworksBuildPhase;
			buildActionMask = 2147483647;
			files = (
			);
			runOnlyForDeploymentPostprocessing = 0;
		};
		E52CFBDA1B72E2A400E47E10 /* Frameworks */ = {
			isa = PBXFrameworksBuildPhase;
			buildActionMask = 2147483647;
			files = (
			);
			runOnlyForDeploymentPostprocessing = 0;
		};
/* End PBXFrameworksBuildPhase section */

/* Begin PBXGroup section */
		E52CFBBB1B72E2A400E47E10 = {
			isa = PBXGroup;
			children = (
				E52CFBC61B72E2A400E47E10 /* Calc */,
				E52CFBE01B72E2A400E47E10 /* CalcTests */,
				E52CFBC51B72E2A400E47E10 /* Products */,
			);
			sourceTree = "<group>";
		};
		E52CFBC51B72E2A400E47E10 /* Products */ = {
			isa = PBXGroup;
			children = (
				E52CFBC41B72E2A400E47E10 /* Calc.app */,
				E52CFBDD1B72E2A400E47E10 /* CalcTests.xctest */,
			);
			name = Products;
			sourceTree = "<group>";
		};
		E52CFBC61B72E2A400E47E10 /* Calc */ = {
			isa = PBXGroup;
			children = (
				E52CFBCB1B72E2A400E47E10 /* AppDelegate.h */,
				E52CFBCC1B72E2A400E47E10 /* AppDelegate.m */,
				E52CFBCE1B72E2A400E47E10 /* ViewController.h */,
				E52CFBCF1B72E2A400E47E10 /* ViewController.m */,
				E52CFBD11B72E2A400E47E10 /* Main.storyboard */,
				E52CFBD41B72E2A400E47E10 /* Images.xcassets */,
				E52CFBD61B72E2A400E47E10 /* LaunchScreen.xib */,
				E52CFBC71B72E2A400E47E10 /* Supporting Files */,
			);
			path = Calc;
			sourceTree = "<group>";
		};
		E52CFBC71B72E2A400E47E10 /* Supporting Files */ = {
			isa = PBXGroup;
			children = (
				E52CFBC81B72E2A400E47E10 /* Info.plist */,
				E52CFBC91B72E2A400E47E10 /* main.m */,
			);
			name = "Supporting Files";
			sourceTree = "<group>";
		};
		E52CFBE01B72E2A400E47E10 /* CalcTests */ = {
			isa = PBXGroup;
			children = (
				E52CFBE31B72E2A400E47E10 /* CalcTests.m */,
				E52CFBE11B72E2A400E47E10 /* Supporting Files */,
			);
			path = CalcTests;
			sourceTree = "<group>";
		};
		E52CFBE11B72E2A400E47E10 /* Supporting Files */ = {
			isa = PBXGroup;
			children = (
				E52CFBE21B72E2A400E47E10 /* Info.plist */,
			);
			name = "Supporting Files";
			sourceTree = "<group>";
		};
/* End PBXGroup section */

/* Begin PBXNativeTarget section */
		E52CFBC31B72E2A400E47E10 /* Calc */ = {
			isa = PBXNativeTarget;
			buildConfigurationList = E52CFBE71B72E2A400E47E10 /* Build configuration list for PBXNativeTarget "Calc" */;
			buildPhases = (
				E52CFBC01B72E2A400E47E10 /* Sources */,
				E52CFBC11B72E2A400E47E10 /* Frameworks */,
				E52CFBC21B72E2A400E47E10 /* Resources */,
			);
			buildRules = (
			);
			dependencies = (
			);
			name = Calc;
			productName = Calc;
			productReference = E52CFBC41B72E2A400E47E10 /* Calc.app */;
			productType = "com.apple.product-type.application";
		};
		E52CFBDC1B72E2A400E47E10 /* CalcTests */ = {
			isa = PBXNativeTarget;
			buildConfigurationList = E52CFBEA1B72E2A400E47E10 /* Build configuration list for PBXNativeTarget "CalcTests" */;
			buildPhases = (
				E52CFBD91B72E2A400E47E10 /* Sources */,
				E52CFBDA1B72E2A400E47E10 /* Frameworks */,
				E52CFBDB1B72E2A400E47E10 /* Resources */,
			);
			buildRules = (
			);
			dependencies = (
				E52CFBDF1B72E2A400E47E10 /* PBXTargetDependency */,
			);
			name = CalcTests;
			productName = CalcTests;
			productReference = E52CFBDD1B72E2A400E47E10 /* CalcTests.xctest */;
			productType = "com.apple.product-type.bundle.unit-test";
		};
/* End PBXNativeTarget section */

/* Begin PBXProject section */
		E52CFBBC1B72E2A400E47E10 /* Project object */ = {
			isa = PBXProject;
			attributes = {
				LastUpgradeCheck = 0630;
				ORGANIZATIONNAME = "Tomo Nakajima";
				TargetAttributes = {
					E52CFBC31B72E2A400E47E10 = {
						CreatedOnToolsVersion = 6.3.2;
					};
					E52CFBDC1B72E2A400E47E10 = {
						CreatedOnToolsVersion = 6.3.2;
						TestTargetID = E52CFBC31B72E2A400E47E10;
					};
				};
			};
			buildConfigurationList = E52CFBBF1B72E2A400E47E10 /* Build configuration list for PBXProject "Calc" */;
			compatibilityVersion = "Xcode 3.2";
			developmentRegion = English;
			hasScannedForEncodings = 0;
			knownRegions = (
				en,
				Base,
			);
			mainGroup = E52CFBBB1B72E2A400E47E10;
			productRefGroup = E52CFBC51B72E2A400E47E10 /* Products */;
			projectDirPath = "";
			projectRoot = "";
			targets = (
				E52CFBC31B72E2A400E47E10 /* Calc */,
				E52CFBDC1B72E2A400E47E10 /* CalcTests */,
			);
		};
/* End PBXProject section */

/* Begin PBXResourcesBuildPhase section */
		E52CFBC21B72E2A400E47E10 /* Resources */ = {
			isa = PBXResourcesBuildPhase;
			buildActionMask = 2147483647;
			files = (
				E52CFBD31B72E2A400E47E10 /* Main.storyboard in Resources */,
				E52CFBD81B72E2A400E47E10 /* LaunchScreen.xib in Resources */,
				E52CFBD51B72E2A400E47E10 /* Images.xcassets in Resources */,
			);
			runOnlyForDeploymentPostprocessing = 0;
		};
		E52CFBDB1B72E2A400E47E10 /* Resources */ = {
			isa = PBXResourcesBuildPhase;
			buildActionMask = 2147483647;
			files = (
			);
			runOnlyForDeploymentPostprocessing = 0;
		};
/* End PBXResourcesBuildPhase section */

/* Begin PBXSourcesBuildPhase section */
		E52CFBC01B72E2A400E47E10 /* Sources */ = {
			isa = PBXSourcesBuildPhase;
			buildActionMask = 2147483647;
			files = (
				E52CFBD01B72E2A400E47E10 /* ViewController.m in Sources */,
				E52CFBCD1B72E2A400E47E10 /* AppDelegate.m in Sources */,
				E52CFBCA1B72E2A400E47E10 /* main.m in Sources */,
			);
			runOnlyForDeploymentPostprocessing = 0;
		};
		E52CFBD91B72E2A400E47E10 /* Sources */ = {
			isa = PBXSourcesBuildPhase;
			buildActionMask = 2147483647;
			files = (
				E52CFBE41B72E2A400E47E10 /* CalcTests.m in Sources */,
			);
			runOnlyForDeploymentPostprocessing = 0;
		};
/* End PBXSourcesBuildPhase section */

/* Begin PBXTargetDependency section */
		E52CFBDF1B72E2A400E47E10 /* PBXTargetDependency */ = {
			isa = PBXTargetDependency;
			target = E52CFBC31B72E2A400E47E10 /* Calc */;
			targetProxy = E52CFBDE1B72E2A400E47E10 /* PBXContainerItemProxy */;
		};
/* End PBXTargetDependency section */

/* Begin PBXVariantGroup section */
		E52CFBD11B72E2A400E47E10 /* Main.storyboard */ = {
			isa = PBXVariantGroup;
			children = (
				E52CFBD21B72E2A400E47E10 /* Base */,
			);
			name = Main.storyboard;
			sourceTree = "<group>";
		};
		E52CFBD61B72E2A400E47E10 /* LaunchScreen.xib */ = {
			isa = PBXVariantGroup;
			children = (
				E52CFBD71B72E2A400E47E10 /* Base */,
			);
			name = LaunchScreen.xib;
			sourceTree = "<group>";
		};
/* End PBXVariantGroup section */

/* Begin XCBuildConfiguration section */
		E52CFBE51B72E2A400E47E10 /* Debug */ = {
			isa = XCBuildConfiguration;
			buildSettings = {
				ALWAYS_SEARCH_USER_PATHS = NO;
				CLANG_CXX_LANGUAGE_STANDARD = "gnu++0x";
				CLANG_CXX_LIBRARY = "libc++";
				CLANG_ENABLE_MODULES = YES;
				CLANG_ENABLE_OBJC_ARC = YES;
				CLANG_WARN_BOOL_CONVERSION = YES;
				CLANG_WARN_CONSTANT_CONVERSION = YES;
				CLANG_WARN_DIRECT_OBJC_ISA_USAGE = YES_ERROR;
				CLANG_WARN_EMPTY_BODY = YES;
				CLANG_WARN_ENUM_CONVERSION = YES;
				CLANG_WARN_INT_CONVERSION = YES;
				CLANG_WARN_OBJC_ROOT_CLASS = YES_ERROR;
				CLANG_WARN_UNREACHABLE_CODE = YES;
				CLANG_WARN__DUPLICATE_METHOD_MATCH = YES;
				"CODE_SIGN_IDENTITY[sdk=iphoneos*]" = "iPhone Developer";
				COPY_PHASE_STRIP = NO;
				DEBUG_INFORMATION_FORMAT = "dwarf-with-dsym";
				ENABLE_STRICT_OBJC_MSGSEND = YES;
				GCC_C_LANGUAGE_STANDARD = gnu99;
				GCC_DYNAMIC_NO_PIC = NO;
				GCC_NO_COMMON_BLOCKS = YES;
				GCC_OPTIMIZATION_LEVEL = 0;
				GCC_PREPROCESSOR_DEFINITIONS = (
					"DEBUG=1",
					"$(inherited)",
				);
				GCC_SYMBOLS_PRIVATE_EXTERN = NO;
				GCC_WARN_64_TO_32_BIT_CONVERSION = YES;
				GCC_WARN_ABOUT_RETURN_TYPE = YES_ERROR;
				GCC_WARN_UNDECLARED_SELECTOR = YES;
				GCC_WARN_UNINITIALIZED_AUTOS = YES_AGGRESSIVE;
				GCC_WARN_UNUSED_FUNCTION = YES;
				GCC_WARN_UNUSED_VARIABLE = YES;
				IPHONEOS_DEPLOYMENT_TARGET = 8.3;
				MTL_ENABLE_DEBUG_INFO = YES;
				ONLY_ACTIVE_ARCH = YES;
				SDKROOT = iphoneos;
			};
			name = Debug;
		};
		E52CFBE61B72E2A400E47E10 /* Release */ = {
			isa = XCBuildConfiguration;
			buildSettings = {
				ALWAYS_SEARCH_USER_PATHS = NO;
				CLANG_CXX_LANGUAGE_STANDARD = "gnu++0x";
				CLANG_CXX_LIBRARY = "libc++";
				CLANG_ENABLE_MODULES = YES;
				CLANG_ENABLE_OBJC_ARC = YES;
				CLANG_WARN_BOOL_CONVERSION = YES;
				CLANG_WARN_CONSTANT_CONVERSION = YES;
				CLANG_WARN_DIRECT_OBJC_ISA_USAGE = YES_ERROR;
				CLANG_WARN_EMPTY_BODY = YES;
				CLANG_WARN_ENUM_CONVERSION = YES;
				CLANG_WARN_INT_CONVERSION = YES;
				CLANG_WARN_OBJC_ROOT_CLASS = YES_ERROR;
				CLANG_WARN_UNREACHABLE_CODE = YES;
				CLANG_WARN__DUPLICATE_METHOD_MATCH = YES;
				"CODE_SIGN_IDENTITY[sdk=iphoneos*]" = "iPhone Developer";
				COPY_PHASE_STRIP = NO;
				DEBUG_INFORMATION_FORMAT = "dwarf-with-dsym";
				ENABLE_NS_ASSERTIONS = NO;
				ENABLE_STRICT_OBJC_MSGSEND = YES;
				GCC_C_LANGUAGE_STANDARD = gnu99;
				GCC_NO_COMMON_BLOCKS = YES;
				GCC_WARN_64_TO_32_BIT_CONVERSION = YES;
				GCC_WARN_ABOUT_RETURN_TYPE = YES_ERROR;
				GCC_WARN_UNDECLARED_SELECTOR = YES;
				GCC_WARN_UNINITIALIZED_AUTOS = YES_AGGRESSIVE;
				GCC_WARN_UNUSED_FUNCTION = YES;
				GCC_WARN_UNUSED_VARIABLE = YES;
				IPHONEOS_DEPLOYMENT_TARGET = 8.3;
				MTL_ENABLE_DEBUG_INFO = NO;
				SDKROOT = iphoneos;
				VALIDATE_PRODUCT = YES;
			};
			name = Release;
		};
		E52CFBE81B72E2A400E47E10 /* Debug */ = {
			isa = XCBuildConfiguration;
			buildSettings = {
				ASSETCATALOG_COMPILER_APPICON_NAME = AppIcon;
				INFOPLIST_FILE = Calc/Info.plist;
				LD_RUNPATH_SEARCH_PATHS = "$(inherited) @executable_path/Frameworks";
				PRODUCT_NAME = "$(TARGET_NAME)";
			};
			name = Debug;
		};
		E52CFBE91B72E2A400E47E10 /* Release */ = {
			isa = XCBuildConfiguration;
			buildSettings = {
				ASSETCATALOG_COMPILER_APPICON_NAME = AppIcon;
				INFOPLIST_FILE = Calc/Info.plist;
				LD_RUNPATH_SEARCH_PATHS = "$(inherited) @executable_path/Frameworks";
				PRODUCT_NAME = "$(TARGET_NAME)";
			};
			name = Release;
		};
		E52CFBEB1B72E2A400E47E10 /* Debug */ = {
			isa = XCBuildConfiguration;
			buildSettings = {
				BUNDLE_LOADER = "$(TEST_HOST)";
				FRAMEWORK_SEARCH_PATHS = (
					"$(SDKROOT)/Developer/Library/Frameworks",
					"$(inherited)",
				);
				GCC_PREPROCESSOR_DEFINITIONS = (
					"DEBUG=1",
					"$(inherited)",
				);
				INFOPLIST_FILE = CalcTests/Info.plist;
				LD_RUNPATH_SEARCH_PATHS = "$(inherited) @executable_path/Frameworks @loader_path/Frameworks";
				PRODUCT_NAME = "$(TARGET_NAME)";
				TEST_HOST = "$(BUILT_PRODUCTS_DIR)/Calc.app/Calc";
			};
			name = Debug;
		};
		E52CFBEC1B72E2A400E47E10 /* Release */ = {
			isa = XCBuildConfiguration;
			buildSettings = {
				BUNDLE_LOADER = "$(TEST_HOST)";
				FRAMEWORK_SEARCH_PATHS = (
					"$(SDKROOT)/Developer/Library/Frameworks",
					"$(inherited)",
				);
				INFOPLIST_FILE = CalcTests/Info.plist;
				LD_RUNPATH_SEARCH_PATHS = "$(inherited) @executable_path/Frameworks @loader_path/Frameworks";
				PRODUCT_NAME = "$(TARGET_NAME)";
				TEST_HOST = "$(BUILT_PRODUCTS_DIR)/Calc.app/Calc";
			};
			name = Release;
		};
/* End XCBuildConfiguration section */

/* Begin XCConfigurationList section */
		E52CFBBF1B72E2A400E47E10 /* Build configuration list for PBXProject "Calc" */ = {
			isa = XCConfigurationList;
			buildConfigurations = (
				E52CFBE51B72E2A400E47E10 /* Debug */,
				E52CFBE61B72E2A400E47E10 /* Release */,
			);
			defaultConfigurationIsVisible = 0;
			defaultConfigurationName = Release;
		};
		E52CFBE71B72E2A400E47E10 /* Build configuration list for PBXNativeTarget "Calc" */ = {
			isa = XCConfigurationList;
			buildConfigurations = (
				E52CFBE81B72E2A400E47E10 /* Debug */,
				E52CFBE91B72E2A400E47E10 /* Release */,
			);
			defaultConfigurationIsVisible = 0;
		};
		E52CFBEA1B72E2A400E47E10 /* Build configuration list for PBXNativeTarget "CalcTests" */ = {
			isa = XCConfigurationList;
			buildConfigurations = (
				E52CFBEB1B72E2A400E47E10 /* Debug */,
				E52CFBEC1B72E2A400E47E10 /* Release */,
			);
			defaultConfigurationIsVisible = 0;
		};
/* End XCConfigurationList section */
	};
	rootObject = E52CFBBC1B72E2A400E47E10 /* Project object */;
}
